
Microsoft Visual Studio Solution File, Format Version 10.00
# Visual Studio 2008
Project("{FAE04EC0-301F-11D3-BF4B-00C04F79EFBC}") = "Real Time Biometric Face Recognition System", "Real Time Biometric Face Recognition System\Real Time Biometric Face Recognition System.csproj", "{233FCDE5-AD5C-41CE-93A5-CE657EE3C122}"
EndProject
Global
	GlobalSection(SolutionConfigurationPlatforms) = preSolution
		Debug|Any CPU = Debug|Any CPU
		Release|Any CPU = Release|Any CPU
	EndGlobalSection
	GlobalSection(ProjectConfigurationPlatforms) = postSolution
		{233FCDE5-AD5C-41CE-93A5-CE657EE3C122}.Debug|Any CPU.ActiveCfg = Debug|Any CPU
		{233FCDE5-AD5C-41CE-93A5-CE657EE3C122}.Debug|Any CPU.Build.0 = Debug|Any CPU
		{233FCDE5-AD5C-41CE-93A5-CE657EE3C122}.Release|Any CPU.ActiveCfg = Release|Any CPU
		{233FCDE5-AD5C-41CE-93A5-CE657EE3C122}.Release|Any CPU.Build.0 = Release|Any CPU
	EndGlobalSection
	GlobalSection(SolutionProperties) = preSolution
		HideSolutionNode = FALSE
	EndGlobalSection
EndGlobal
